
Microsoft Visual Studio Solution File, Format Version 12.00
# Visual Studio Version 16
VisualStudioVersion = 16.0.30413.136
MinimumVisualStudioVersion = 10.0.40219.1
Project("{FAE04EC0-301F-11D3-BF4B-00C04F79EFBC}") = "VkCallback-Handler", "VkCallback-Handler\VkCallback-Handler.csproj", "{D0D0B462-D8C5-428C-A000-441D7B24BDB8}"
EndProject
Global
	GlobalSection(SolutionConfigurationPlatforms) = preSolution
		Debug|Any CPU = Debug|Any CPU
		Release|Any CPU = Release|Any CPU
	EndGlobalSection
	GlobalSection(ProjectConfigurationPlatforms) = postSolution
		{D0D0B462-D8C5-428C-A000-441D7B24BDB8}.Debug|Any CPU.ActiveCfg = Debug|Any CPU
		{D0D0B462-D8C5-428C-A000-441D7B24BDB8}.Debug|Any CPU.Build.0 = Debug|Any CPU
		{D0D0B462-D8C5-428C-A000-441D7B24BDB8}.Release|Any CPU.ActiveCfg = Release|Any CPU
		{D0D0B462-D8C5-428C-A000-441D7B24BDB8}.Release|Any CPU.Build.0 = Release|Any CPU
	EndGlobalSection
	GlobalSection(SolutionProperties) = preSolution
		HideSolutionNode = FALSE
	EndGlobalSection
	GlobalSection(ExtensibilityGlobals) = postSolution
		SolutionGuid = {30665AC8-8DF8-4EB4-842A-2BEBD409C2AE}
	EndGlobalSection
EndGlobal
